
Microsoft Visual Studio Solution File, Format Version 12.00
# Visual Studio Version 17
VisualStudioVersion = 17.8.34525.116
MinimumVisualStudioVersion = 10.0.40219.1
Project("{FAE04EC0-301F-11D3-BF4B-00C04F79EFBC}") = "SimpleLanguage", "SimpleLanguage.csproj", "{A39B9EFA-1610-49BF-AB66-C1B7140836D3}"
EndProject
Global
	GlobalSection(SolutionConfigurationPlatforms) = preSolution
		Debug|Any CPU = Debug|Any CPU
		Release|Any CPU = Release|Any CPU
	EndGlobalSection
	GlobalSection(ProjectConfigurationPlatforms) = postSolution
		{A39B9EFA-1610-49BF-AB66-C1B7140836D3}.Debug|Any CPU.ActiveCfg = Debug|Any CPU
		{A39B9EFA-1610-49BF-AB66-C1B7140836D3}.Debug|Any CPU.Build.0 = Debug|Any CPU
		{A39B9EFA-1610-49BF-AB66-C1B7140836D3}.Release|Any CPU.ActiveCfg = Release|Any CPU
		{A39B9EFA-1610-49BF-AB66-C1B7140836D3}.Release|Any CPU.Build.0 = Release|Any CPU
	EndGlobalSection
	GlobalSection(SolutionProperties) = preSolution
		HideSolutionNode = FALSE
	EndGlobalSection
	GlobalSection(ExtensibilityGlobals) = postSolution
		SolutionGuid = {4CCE84C5-1CD7-48C3-B046-C4C696682ADA}
	EndGlobalSection
EndGlobal
